// !$*UTF8*$!
{
	archiveVersion = 1;
	classes = {
	};
	objectVersion = 50;
	objects = {

/* Begin PBXBuildFile section */
		460EB00D2557F76B00027376 /* AppDelegate.swift in Sources */ = {isa = PBXBuildFile; fileRef = 460EB00C2557F76B00027376 /* AppDelegate.swift */; };
		460EB00F2557F76B00027376 /* SceneDelegate.swift in Sources */ = {isa = PBXBuildFile; fileRef = 460EB00E2557F76B00027376 /* SceneDelegate.swift */; };
		460EB0112557F76B00027376 /* ViewController.swift in Sources */ = {isa = PBXBuildFile; fileRef = 460EB0102557F76B00027376 /* ViewController.swift */; };
		460EB0142557F76B00027376 /* Main.storyboard in Resources */ = {isa = PBXBuildFile; fileRef = 460EB0122557F76B00027376 /* Main.storyboard */; };
		460EB0162557F76B00027376 /* Assets.xcassets in Resources */ = {isa = PBXBuildFile; fileRef = 460EB0152557F76B00027376 /* Assets.xcassets */; };
		460EB0192557F76B00027376 /* LaunchScreen.storyboard in Resources */ = {isa = PBXBuildFile; fileRef = 460EB0172557F76B00027376 /* LaunchScreen.storyboard */; };
		460EB02425582BF800027376 /* UIViewController+dateFormatter.swift in Sources */ = {isa = PBXBuildFile; fileRef = 460EB02325582BF800027376 /* UIViewController+dateFormatter.swift */; };
		460EB02925582EEF00027376 /* UIViewController+alert.swift in Sources */ = {isa = PBXBuildFile; fileRef = 460EB02825582EEF00027376 /* UIViewController+alert.swift */; };
/* End PBXBuildFile section */

/* Begin PBXFileReference section */
		460EB0092557F76B00027376 /* MungMungLog.app */ = {isa = PBXFileReference; explicitFileType = wrapper.application; includeInIndex = 0; path = MungMungLog.app; sourceTree = BUILT_PRODUCTS_DIR; };
		460EB00C2557F76B00027376 /* AppDelegate.swift */ = {isa = PBXFileReference; lastKnownFileType = sourcecode.swift; path = AppDelegate.swift; sourceTree = "<group>"; };
		460EB00E2557F76B00027376 /* SceneDelegate.swift */ = {isa = PBXFileReference; lastKnownFileType = sourcecode.swift; path = SceneDelegate.swift; sourceTree = "<group>"; };
		460EB0102557F76B00027376 /* ViewController.swift */ = {isa = PBXFileReference; lastKnownFileType = sourcecode.swift; path = ViewController.swift; sourceTree = "<group>"; };
		460EB0132557F76B00027376 /* Base */ = {isa = PBXFileReference; lastKnownFileType = file.storyboard; name = Base; path = Base.lproj/Main.storyboard; sourceTree = "<group>"; };
		460EB0152557F76B00027376 /* Assets.xcassets */ = {isa = PBXFileReference; lastKnownFileType = folder.assetcatalog; path = Assets.xcassets; sourceTree = "<group>"; };
		460EB0182557F76B00027376 /* Base */ = {isa = PBXFileReference; lastKnownFileType = file.storyboard; name = Base; path = Base.lproj/LaunchScreen.storyboard; sourceTree = "<group>"; };
		460EB01A2557F76B00027376 /* Info.plist */ = {isa = PBXFileReference; lastKnownFileType = text.plist.xml; path = Info.plist; sourceTree = "<group>"; };
		460EB02325582BF800027376 /* UIViewController+dateFormatter.swift */ = {isa = PBXFileReference; lastKnownFileType = sourcecode.swift; path = "UIViewController+dateFormatter.swift"; sourceTree = "<group>"; };
		460EB02825582EEF00027376 /* UIViewController+alert.swift */ = {isa = PBXFileReference; lastKnownFileType = sourcecode.swift; path = "UIViewController+alert.swift"; sourceTree = "<group>"; };
/* End PBXFileReference section */

/* Begin PBXFrameworksBuildPhase section */
		460EB0062557F76B00027376 /* Frameworks */ = {
			isa = PBXFrameworksBuildPhase;
			buildActionMask = 2147483647;
			files = (
			);
			runOnlyForDeploymentPostprocessing = 0;
		};
/* End PBXFrameworksBuildPhase section */

/* Begin PBXGroup section */
		460EB0002557F76B00027376 = {
			isa = PBXGroup;
			children = (
				460EB00B2557F76B00027376 /* MungMungLog */,
				460EB00A2557F76B00027376 /* Products */,
			);
			sourceTree = "<group>";
		};
		460EB00A2557F76B00027376 /* Products */ = {
			isa = PBXGroup;
			children = (
				460EB0092557F76B00027376 /* MungMungLog.app */,
			);
			name = Products;
			sourceTree = "<group>";
		};
		460EB00B2557F76B00027376 /* MungMungLog */ = {
			isa = PBXGroup;
			children = (
				460EB00C2557F76B00027376 /* AppDelegate.swift */,
				460EB00E2557F76B00027376 /* SceneDelegate.swift */,
				460EB0102557F76B00027376 /* ViewController.swift */,
				460EB0122557F76B00027376 /* Main.storyboard */,
				460EB0152557F76B00027376 /* Assets.xcassets */,
				460EB0172557F76B00027376 /* LaunchScreen.storyboard */,
				460EB01A2557F76B00027376 /* Info.plist */,
				460EB02325582BF800027376 /* UIViewController+dateFormatter.swift */,
				460EB02825582EEF00027376 /* UIViewController+alert.swift */,
			);
			path = MungMungLog;
			sourceTree = "<group>";
		};
/* End PBXGroup section */

/* Begin PBXNativeTarget section */
		460EB0082557F76B00027376 /* MungMungLog */ = {
			isa = PBXNativeTarget;
			buildConfigurationList = 460EB01D2557F76B00027376 /* Build configuration list for PBXNativeTarget "MungMungLog" */;
			buildPhases = (
				460EB0052557F76B00027376 /* Sources */,
				460EB0062557F76B00027376 /* Frameworks */,
				460EB0072557F76B00027376 /* Resources */,
			);
			buildRules = (
			);
			dependencies = (
			);
			name = MungMungLog;
			productName = MungMungLog;
			productReference = 460EB0092557F76B00027376 /* MungMungLog.app */;
			productType = "com.apple.product-type.application";
		};
/* End PBXNativeTarget section */

/* Begin PBXProject section */
		460EB0012557F76B00027376 /* Project object */ = {
			isa = PBXProject;
			attributes = {
				LastSwiftUpdateCheck = 1210;
				LastUpgradeCheck = 1210;
				TargetAttributes = {
					460EB0082557F76B00027376 = {
						CreatedOnToolsVersion = 12.1;
					};
				};
			};
			buildConfigurationList = 460EB0042557F76B00027376 /* Build configuration list for PBXProject "MungMungLog" */;
			compatibilityVersion = "Xcode 9.3";
			developmentRegion = en;
			hasScannedForEncodings = 0;
			knownRegions = (
				en,
				Base,
			);
			mainGroup = 460EB0002557F76B00027376;
			productRefGroup = 460EB00A2557F76B00027376 /* Products */;
			projectDirPath = "";
			projectRoot = "";
			targets = (
				460EB0082557F76B00027376 /* MungMungLog */,
			);
		};
/* End PBXProject section */

/* Begin PBXResourcesBuildPhase section */
		460EB0072557F76B00027376 /* Resources */ = {
			isa = PBXResourcesBuildPhase;
			buildActionMask = 2147483647;
			files = (
				460EB0192557F76B00027376 /* LaunchScreen.storyboard in Resources */,
				460EB0162557F76B00027376 /* Assets.xcassets in Resources */,
				460EB0142557F76B00027376 /* Main.storyboard in Resources */,
			);
			runOnlyForDeploymentPostprocessing = 0;
		};
/* End PBXResourcesBuildPhase section */

/* Begin PBXSourcesBuildPhase section */
		460EB0052557F76B00027376 /* Sources */ = {
			isa = PBXSourcesBuildPhase;
			buildActionMask = 2147483647;
			files = (
				460EB0112557F76B00027376 /* ViewController.swift in Sources */,
				460EB02425582BF800027376 /* UIViewController+dateFormatter.swift in Sources */,
				460EB00D2557F76B00027376 /* AppDelegate.swift in Sources */,
				460EB00F2557F76B00027376 /* SceneDelegate.swift in Sources */,
				460EB02925582EEF00027376 /* UIViewController+alert.swift in Sources */,
			);
			runOnlyForDeploymentPostprocessing = 0;
		};
/* End PBXSourcesBuildPhase section */

/* Begin PBXVariantGroup section */
		460EB0122557F76B00027376 /* Main.storyboard */ = {
			isa = PBXVariantGroup;
			children = (
				460EB0132557F76B00027376 /* Base */,
			);
			name = Main.storyboard;
			sourceTree = "<group>";
		};
		460EB0172557F76B00027376 /* LaunchScreen.storyboard */ = {
			isa = PBXVariantGroup;
			children = (
				460EB0182557F76B00027376 /* Base */,
			);
			name = LaunchScreen.storyboard;
			sourceTree = "<group>";
		};
/* End PBXVariantGroup section */

/* Begin XCBuildConfiguration section */
		460EB01B2557F76B00027376 /* Debug */ = {
			isa = XCBuildConfiguration;
			buildSettings = {
				ALWAYS_SEARCH_USER_PATHS = NO;
				CLANG_ANALYZER_NONNULL = YES;
				CLANG_ANALYZER_NUMBER_OBJECT_CONVERSION = YES_AGGRESSIVE;
				CLANG_CXX_LANGUAGE_STANDARD = "gnu++14";
				CLANG_CXX_LIBRARY = "libc++";
				CLANG_ENABLE_MODULES = YES;
				CLANG_ENABLE_OBJC_ARC = YES;
				CLANG_ENABLE_OBJC_WEAK = YES;
				CLANG_WARN_BLOCK_CAPTURE_AUTORELEASING = YES;
				CLANG_WARN_BOOL_CONVERSION = YES;
				CLANG_WARN_COMMA = YES;
				CLANG_WARN_CONSTANT_CONVERSION = YES;
				CLANG_WARN_DEPRECATED_OBJC_IMPLEMENTATIONS = YES;
				CLANG_WARN_DIRECT_OBJC_ISA_USAGE = YES_ERROR;
				CLANG_WARN_DOCUMENTATION_COMMENTS = YES;
				CLANG_WARN_EMPTY_BODY = YES;
				CLANG_WARN_ENUM_CONVERSION = YES;
				CLANG_WARN_INFINITE_RECURSION = YES;
				CLANG_WARN_INT_CONVERSION = YES;
				CLANG_WARN_NON_LITERAL_NULL_CONVERSION = YES;
				CLANG_WARN_OBJC_IMPLICIT_RETAIN_SELF = YES;
				CLANG_WARN_OBJC_LITERAL_CONVERSION = YES;
				CLANG_WARN_OBJC_ROOT_CLASS = YES_ERROR;
				CLANG_WARN_QUOTED_INCLUDE_IN_FRAMEWORK_HEADER = YES;
				CLANG_WARN_RANGE_LOOP_ANALYSIS = YES;
				CLANG_WARN_STRICT_PROTOTYPES = YES;
				CLANG_WARN_SUSPICIOUS_MOVE = YES;
				CLANG_WARN_UNGUARDED_AVAILABILITY = YES_AGGRESSIVE;
				CLANG_WARN_UNREACHABLE_CODE = YES;
				CLANG_WARN__DUPLICATE_METHOD_MATCH = YES;
				COPY_PHASE_STRIP = NO;
				DEBUG_INFORMATION_FORMAT = dwarf;
				ENABLE_STRICT_OBJC_MSGSEND = YES;
				ENABLE_TESTABILITY = YES;
				GCC_C_LANGUAGE_STANDARD = gnu11;
				GCC_DYNAMIC_NO_PIC = NO;
				GCC_NO_COMMON_BLOCKS = YES;
				GCC_OPTIMIZATION_LEVEL = 0;
				GCC_PREPROCESSOR_DEFINITIONS = (
					"DEBUG=1",
					"$(inherited)",
				);
				GCC_WARN_64_TO_32_BIT_CONVERSION = YES;
				GCC_WARN_ABOUT_RETURN_TYPE = YES_ERROR;
				GCC_WARN_UNDECLARED_SELECTOR = YES;
				GCC_WARN_UNINITIALIZED_AUTOS = YES_AGGRESSIVE;
				GCC_WARN_UNUSED_FUNCTION = YES;
				GCC_WARN_UNUSED_VARIABLE = YES;
				IPHONEOS_DEPLOYMENT_TARGET = 14.1;
				MTL_ENABLE_DEBUG_INFO = INCLUDE_SOURCE;
				MTL_FAST_MATH = YES;
				ONLY_ACTIVE_ARCH = YES;
				SDKROOT = iphoneos;
				SWIFT_ACTIVE_COMPILATION_CONDITIONS = DEBUG;
				SWIFT_OPTIMIZATION_LEVEL = "-Onone";
			};
			name = Debug;
		};
		460EB01C2557F76B00027376 /* Release */ = {
			isa = XCBuildConfiguration;
			buildSettings = {
				ALWAYS_SEARCH_USER_PATHS = NO;
				CLANG_ANALYZER_NONNULL = YES;
				CLANG_ANALYZER_NUMBER_OBJECT_CONVERSION = YES_AGGRESSIVE;
				CLANG_CXX_LANGUAGE_STANDARD = "gnu++14";
				CLANG_CXX_LIBRARY = "libc++";
				CLANG_ENABLE_MODULES = YES;
				CLANG_ENABLE_OBJC_ARC = YES;
				CLANG_ENABLE_OBJC_WEAK = YES;
				CLANG_WARN_BLOCK_CAPTURE_AUTORELEASING = YES;
				CLANG_WARN_BOOL_CONVERSION = YES;
				CLANG_WARN_COMMA = YES;
				CLANG_WARN_CONSTANT_CONVERSION = YES;
				CLANG_WARN_DEPRECATED_OBJC_IMPLEMENTATIONS = YES;
				CLANG_WARN_DIRECT_OBJC_ISA_USAGE = YES_ERROR;
				CLANG_WARN_DOCUMENTATION_COMMENTS = YES;
				CLANG_WARN_EMPTY_BODY = YES;
				CLANG_WARN_ENUM_CONVERSION = YES;
				CLANG_WARN_INFINITE_RECURSION = YES;
				CLANG_WARN_INT_CONVERSION = YES;
				CLANG_WARN_NON_LITERAL_NULL_CONVERSION = YES;
				CLANG_WARN_OBJC_IMPLICIT_RETAIN_SELF = YES;
				CLANG_WARN_OBJC_LITERAL_CONVERSION = YES;
				CLANG_WARN_OBJC_ROOT_CLASS = YES_ERROR;
				CLANG_WARN_QUOTED_INCLUDE_IN_FRAMEWORK_HEADER = YES;
				CLANG_WARN_RANGE_LOOP_ANALYSIS = YES;
				CLANG_WARN_STRICT_PROTOTYPES = YES;
				CLANG_WARN_SUSPICIOUS_MOVE = YES;
				CLANG_WARN_UNGUARDED_AVAILABILITY = YES_AGGRESSIVE;
				CLANG_WARN_UNREACHABLE_CODE = YES;
				CLANG_WARN__DUPLICATE_METHOD_MATCH = YES;
				COPY_PHASE_STRIP = NO;
				DEBUG_INFORMATION_FORMAT = "dwarf-with-dsym";
				ENABLE_NS_ASSERTIONS = NO;
				ENABLE_STRICT_OBJC_MSGSEND = YES;
				GCC_C_LANGUAGE_STANDARD = gnu11;
				GCC_NO_COMMON_BLOCKS = YES;
				GCC_WARN_64_TO_32_BIT_CONVERSION = YES;
				GCC_WARN_ABOUT_RETURN_TYPE = YES_ERROR;
				GCC_WARN_UNDECLARED_SELECTOR = YES;
				GCC_WARN_UNINITIALIZED_AUTOS = YES_AGGRESSIVE;
				GCC_WARN_UNUSED_FUNCTION = YES;
				GCC_WARN_UNUSED_VARIABLE = YES;
				IPHONEOS_DEPLOYMENT_TARGET = 14.1;
				MTL_ENABLE_DEBUG_INFO = NO;
				MTL_FAST_MATH = YES;
				SDKROOT = iphoneos;
				SWIFT_COMPILATION_MODE = wholemodule;
				SWIFT_OPTIMIZATION_LEVEL = "-O";
				VALIDATE_PRODUCT = YES;
			};
			name = Release;
		};
		460EB01E2557F76B00027376 /* Debug */ = {
			isa = XCBuildConfiguration;
			buildSettings = {
				ASSETCATALOG_COMPILER_APPICON_NAME = AppIcon;
				ASSETCATALOG_COMPILER_GLOBAL_ACCENT_COLOR_NAME = AccentColor;
				CODE_SIGN_STYLE = Automatic;
				DEVELOPMENT_TEAM = G5RH9MF273;
				INFOPLIST_FILE = MungMungLog/Info.plist;
				IPHONEOS_DEPLOYMENT_TARGET = 11.0;
				LD_RUNPATH_SEARCH_PATHS = (
					"$(inherited)",
					"@executable_path/Frameworks",
				);
				MARKETING_VERSION = 0.0.1;
				PRODUCT_BUNDLE_IDENTIFIER = com.beepeachstudio.MungMungLog;
				PRODUCT_NAME = "$(TARGET_NAME)";
				SWIFT_VERSION = 5.0;
				TARGETED_DEVICE_FAMILY = "1,2";
			};
			name = Debug;
		};
		460EB01F2557F76B00027376 /* Release */ = {
			isa = XCBuildConfiguration;
			buildSettings = {
				ASSETCATALOG_COMPILER_APPICON_NAME = AppIcon;
				ASSETCATALOG_COMPILER_GLOBAL_ACCENT_COLOR_NAME = AccentColor;
				CODE_SIGN_STYLE = Automatic;
				DEVELOPMENT_TEAM = G5RH9MF273;
				INFOPLIST_FILE = MungMungLog/Info.plist;
				IPHONEOS_DEPLOYMENT_TARGET = 11.0;
				LD_RUNPATH_SEARCH_PATHS = (
					"$(inherited)",
					"@executable_path/Frameworks",
				);
				MARKETING_VERSION = 0.0.1;
				PRODUCT_BUNDLE_IDENTIFIER = com.beepeachstudio.MungMungLog;
				PRODUCT_NAME = "$(TARGET_NAME)";
				SWIFT_VERSION = 5.0;
				TARGETED_DEVICE_FAMILY = "1,2";
			};
			name = Release;
		};
/* End XCBuildConfiguration section */

/* Begin XCConfigurationList section */
		460EB0042557F76B00027376 /* Build configuration list for PBXProject "MungMungLog" */ = {
			isa = XCConfigurationList;
			buildConfigurations = (
				460EB01B2557F76B00027376 /* Debug */,
				460EB01C2557F76B00027376 /* Release */,
			);
			defaultConfigurationIsVisible = 0;
			defaultConfigurationName = Release;
		};
		460EB01D2557F76B00027376 /* Build configuration list for PBXNativeTarget "MungMungLog" */ = {
			isa = XCConfigurationList;
			buildConfigurations = (
				460EB01E2557F76B00027376 /* Debug */,
				460EB01F2557F76B00027376 /* Release */,
			);
			defaultConfigurationIsVisible = 0;
			defaultConfigurationName = Release;
		};
/* End XCConfigurationList section */
	};
	rootObject = 460EB0012557F76B00027376 /* Project object */;
}
